<?xml version="1.0" encoding="utf-8"?>
<Project ToolsVersion="4.0" xmlns="http://schemas.microsoft.com/developer/msbuild/2003">
  <ItemGroup>
    <Filter Include="源文件">
      <UniqueIdentifier>{4FC737F1-C7A5-4376-A066-2A32D752A2FF}</UniqueIdentifier>
      <Extensions>cpp;c;cc;cxx;def;odl;idl;hpj;bat;asm;asmx</Extensions>
    </Filter>
    <Filter Include="头文件">
      <UniqueIdentifier>{93995380-89BD-4b04-88EB-625FBE52EBFB}</UniqueIdentifier>
      <Extensions>h;hh;hpp;hxx;hm;inl;inc;xsd</Extensions>
    </Filter>
    <Filter Include="资源文件">
      <UniqueIdentifier>{67DA6AB6-F800-4c08-8B7A-83BB121AAD01}</UniqueIdentifier>
      <Extensions>rc;ico;cur;bmp;dlg;rc2;rct;bin;rgs;gif;jpg;jpeg;jpe;resx;tiff;tif;png;wav;mfcribbon-ms</Extensions>
    </Filter>
    <Filter Include="头文件\Format">
      <UniqueIdentifier>{fca04b13-a391-46c3-a370-bb5e035fae2a}</UniqueIdentifier>
    </Filter>
    <Filter Include="头文件\Format\Format">
      <UniqueIdentifier>{a58b097c-1879-48a2-9de9-d00071fba5b9}</UniqueIdentifier>
    </Filter>
  </ItemGroup>
  <ItemGroup>
    <ClCompile Include="Test.cpp">
      <Filter>源文件</Filter>
    </ClCompile>
  </ItemGroup>
  <ItemGroup>
    <ClInclude Include="..\Format\Format\Build.hpp">
      <Filter>头文件\Format\Format</Filter>
    </ClInclude>
    <ClInclude Include="..\Format\Format.hpp">
      <Filter>头文件\Format</Filter>
    </ClInclude>
    <ClInclude Include="..\Format\Format\Pattern.hpp">
      <Filter>头文件\Format\Format</Filter>
    </ClInclude>
    <ClInclude Include="..\Format\Format\LookupPattern.hpp">
      <Filter>头文件\Format\Format</Filter>
    </ClInclude>
    <ClInclude Include="..\Format\Format\System.hpp">
      <Filter>头文件\Format\Format</Filter>
    </ClInclude>
    <ClInclude Include="..\Format\Format\Utility.hpp">
      <Filter>头文件\Format\Format</Filter>
    </ClInclude>
    <ClInclude Include="..\Format\Format\StandardPatternPolicy.hpp">
      <Filter>头文件\Format\Format</Filter>
    </ClInclude>
    <ClInclude Include="..\Format\Format\PatternParser.hpp">
      <Filter>头文件\Format\Format</Filter>
    </ClInclude>
    <ClInclude Include="..\Format\Format\Algorithm.hpp">
      <Filter>头文件\Format\Format</Filter>
    </ClInclude>
    <ClInclude Include="..\Format\Format\Types.hpp">
      <Filter>头文件\Format\Format</Filter>
    </ClInclude>
    <ClInclude Include="..\Format\Format\ProgressTimer.hpp">
      <Filter>头文件\Format\Format</Filter>
    </ClInclude>
    <ClInclude Include="..\Format\Format\Preprocessor.hpp">
      <Filter>头文件\Format\Format</Filter>
    </ClInclude>
    <ClInclude Include="..\Format\Format\Traits.hpp">
      <Filter>头文件\Format\Format</Filter>
    </ClInclude>
    <ClInclude Include="..\Format\Format\Translator.hpp">
      <Filter>头文件\Format\Format</Filter>
    </ClInclude>
    <ClInclude Include="..\Format\Format\FormatTo.hpp">
      <Filter>头文件\Format\Format</Filter>
    </ClInclude>
    <ClInclude Include="..\Format\Format\FormatToInner.hpp">
      <Filter>头文件\Format\Format</Filter>
    </ClInclude>
    <ClInclude Include="..\Format\Format\FormatToSTL.hpp">
      <Filter>头文件\Format\Format</Filter>
    </ClInclude>
  </ItemGroup>
</Project>